
Microsoft Visual Studio Solution File, Format Version 12.00
# Visual Studio Version 17
VisualStudioVersion = 17.11.35312.102
MinimumVisualStudioVersion = 10.0.40219.1
Project("{FAE04EC0-301F-11D3-BF4B-00C04F79EFBC}") = "Megaminds_technologies", "Megaminds_technologies\Megaminds_technologies.csproj", "{494558B6-F21F-4FF0-8B2A-95504BE4CBCC}"
EndProject
Global
	GlobalSection(SolutionConfigurationPlatforms) = preSolution
		Debug|Any CPU = Debug|Any CPU
		Release|Any CPU = Release|Any CPU
	EndGlobalSection
	GlobalSection(ProjectConfigurationPlatforms) = postSolution
		{494558B6-F21F-4FF0-8B2A-95504BE4CBCC}.Debug|Any CPU.ActiveCfg = Debug|Any CPU
		{494558B6-F21F-4FF0-8B2A-95504BE4CBCC}.Debug|Any CPU.Build.0 = Debug|Any CPU
		{494558B6-F21F-4FF0-8B2A-95504BE4CBCC}.Release|Any CPU.ActiveCfg = Release|Any CPU
		{494558B6-F21F-4FF0-8B2A-95504BE4CBCC}.Release|Any CPU.Build.0 = Release|Any CPU
	EndGlobalSection
	GlobalSection(SolutionProperties) = preSolution
		HideSolutionNode = FALSE
	EndGlobalSection
	GlobalSection(ExtensibilityGlobals) = postSolution
		SolutionGuid = {63FFA3CB-A171-47B6-B36B-9DD03112D74E}
	EndGlobalSection
EndGlobal
